
Microsoft Visual Studio Solution File, Format Version 12.00
# Visual Studio Version 16
VisualStudioVersion = 16.0.29215.179
MinimumVisualStudioVersion = 10.0.40219.1
Project("{2150E333-8FDC-42A3-9474-1A3956D46DE8}") = "Services", "Services", "{1424FF66-8D59-4CED-9BAE-730E3F479EFA}"
EndProject
Project("{2150E333-8FDC-42A3-9474-1A3956D46DE8}") = "Presentation", "Presentation", "{05DB5595-545D-4611-B4EC-AC6B09AC85B8}"
EndProject
Project("{FAE04EC0-301F-11D3-BF4B-00C04F79EFBC}") = "Superdigital.CoreShared", "src\Superdigital.CoreShared\Superdigital.CoreShared.csproj", "{E738FF7B-DD7E-4E8C-ABDD-7DBEC4B1F462}"
EndProject
Project("{FAE04EC0-301F-11D3-BF4B-00C04F79EFBC}") = "Superdigital.Domain", "src\Superdigital.Domain\Superdigital.Domain.csproj", "{CFD0F705-A8AE-4290-BAD9-254C448B4F1A}"
EndProject
Project("{2150E333-8FDC-42A3-9474-1A3956D46DE8}") = "Shared", "Shared", "{4E8DB9DF-1AA0-4D78-B413-EF741751AD1A}"
EndProject
Project("{FAE04EC0-301F-11D3-BF4B-00C04F79EFBC}") = "Superdigital.Data", "src\Superdigital.Data\Superdigital.Data.csproj", "{25139FB3-8103-4FE7-91FD-E6635EFFBB29}"
EndProject
Global
	GlobalSection(SolutionConfigurationPlatforms) = preSolution
		Debug|Any CPU = Debug|Any CPU
		Release|Any CPU = Release|Any CPU
	EndGlobalSection
	GlobalSection(ProjectConfigurationPlatforms) = postSolution
		{E738FF7B-DD7E-4E8C-ABDD-7DBEC4B1F462}.Debug|Any CPU.ActiveCfg = Debug|Any CPU
		{E738FF7B-DD7E-4E8C-ABDD-7DBEC4B1F462}.Debug|Any CPU.Build.0 = Debug|Any CPU
		{E738FF7B-DD7E-4E8C-ABDD-7DBEC4B1F462}.Release|Any CPU.ActiveCfg = Release|Any CPU
		{E738FF7B-DD7E-4E8C-ABDD-7DBEC4B1F462}.Release|Any CPU.Build.0 = Release|Any CPU
		{CFD0F705-A8AE-4290-BAD9-254C448B4F1A}.Debug|Any CPU.ActiveCfg = Debug|Any CPU
		{CFD0F705-A8AE-4290-BAD9-254C448B4F1A}.Debug|Any CPU.Build.0 = Debug|Any CPU
		{CFD0F705-A8AE-4290-BAD9-254C448B4F1A}.Release|Any CPU.ActiveCfg = Release|Any CPU
		{CFD0F705-A8AE-4290-BAD9-254C448B4F1A}.Release|Any CPU.Build.0 = Release|Any CPU
		{25139FB3-8103-4FE7-91FD-E6635EFFBB29}.Debug|Any CPU.ActiveCfg = Debug|Any CPU
		{25139FB3-8103-4FE7-91FD-E6635EFFBB29}.Debug|Any CPU.Build.0 = Debug|Any CPU
		{25139FB3-8103-4FE7-91FD-E6635EFFBB29}.Release|Any CPU.ActiveCfg = Release|Any CPU
		{25139FB3-8103-4FE7-91FD-E6635EFFBB29}.Release|Any CPU.Build.0 = Release|Any CPU
	EndGlobalSection
	GlobalSection(SolutionProperties) = preSolution
		HideSolutionNode = FALSE
	EndGlobalSection
	GlobalSection(NestedProjects) = preSolution
		{E738FF7B-DD7E-4E8C-ABDD-7DBEC4B1F462} = {4E8DB9DF-1AA0-4D78-B413-EF741751AD1A}
		{CFD0F705-A8AE-4290-BAD9-254C448B4F1A} = {1424FF66-8D59-4CED-9BAE-730E3F479EFA}
		{25139FB3-8103-4FE7-91FD-E6635EFFBB29} = {1424FF66-8D59-4CED-9BAE-730E3F479EFA}
	EndGlobalSection
	GlobalSection(ExtensibilityGlobals) = postSolution
		SolutionGuid = {5217637A-C02B-451B-863B-A77326E55EBC}
	EndGlobalSection
EndGlobal
